# This file is automatically @generated by Poetry 2.2.1 and should not be changed by hand.

[[package]]
name = "hid"
version = "1.0.8"
description = "ctypes bindings for hidapi"
optional = false
python-versions = "*"
groups = ["main"]
files = [
    {file = "hid-1.0.8-py3-none-any.whl", hash = "sha256:9b6fac92098322ae5d8d839c2bb30620b7533284bcf5f3e6aedcc0483c388046"},
    {file = "hid-1.0.8.tar.gz", hash = "sha256:5ca129a7b9434ace5e3e429c1092a16792feffaf067a46b666e9c586872cdcfe"},
]

[[package]]
name = "kafka-python-ng"
version = "2.2.3"
description = "Pure Python client for Apache Kafka"
optional = false
python-versions = ">=3.8"
groups = ["main"]
files = [
    {file = "kafka_python_ng-2.2.3-py2.py3-none-any.whl", hash = "sha256:adc6e82147c441ca4ae1f22e291fc08efab0d10971cbd4aa1481d2ffa38e9480"},
    {file = "kafka_python_ng-2.2.3.tar.gz", hash = "sha256:f79f28e10ade9b5a9860b2ec15b7cc8dc510d5702f5a399430478cff5f93a05a"},
]

[package.extras]
boto = ["botocore"]
crc32c = ["crc32c"]
lz4 = ["lz4"]
snappy = ["python-snappy"]
zstd = ["zstandard"]

[metadata]
lock-version = "2.1"
python-versions = ">=3.13"
content-hash = "9f26187d69fd8641cb8ccfd925bfe8271c56d6b629db7755dd6aaae7a817519b"
